// !$*UTF8*$!
{
	archiveVersion = 1;
	classes = {
	};
	objectVersion = 52;
	objects = {

/* Begin PBXBuildFile section */
		C6AD513425C4362B001D391B /* AppDelegate.swift in Sources */ = {isa = PBXBuildFile; fileRef = C6AD513325C4362B001D391B /* AppDelegate.swift */; };
		C6AD513625C4362B001D391B /* SceneDelegate.swift in Sources */ = {isa = PBXBuildFile; fileRef = C6AD513525C4362B001D391B /* SceneDelegate.swift */; };
		C6AD513825C4362B001D391B /* ViewController.swift in Sources */ = {isa = PBXBuildFile; fileRef = C6AD513725C4362B001D391B /* ViewController.swift */; };
		C6AD513B25C4362B001D391B /* Main.storyboard in Resources */ = {isa = PBXBuildFile; fileRef = C6AD513925C4362B001D391B /* Main.storyboard */; };
		C6AD513D25C4362D001D391B /* Assets.xcassets in Resources */ = {isa = PBXBuildFile; fileRef = C6AD513C25C4362D001D391B /* Assets.xcassets */; };
		C6AD514025C4362D001D391B /* LaunchScreen.storyboard in Resources */ = {isa = PBXBuildFile; fileRef = C6AD513E25C4362D001D391B /* LaunchScreen.storyboard */; };
		C6AD514A25C436F6001D391B /* ATAGroup in Frameworks */ = {isa = PBXBuildFile; productRef = C6AD514925C436F6001D391B /* ATAGroup */; };
		C6AD515725C4452F001D391B /* Poppins-ExtraLight.ttf in Resources */ = {isa = PBXBuildFile; fileRef = C6AD514F25C4452E001D391B /* Poppins-ExtraLight.ttf */; };
		C6AD515825C4452F001D391B /* Poppins-Light.ttf in Resources */ = {isa = PBXBuildFile; fileRef = C6AD515025C4452E001D391B /* Poppins-Light.ttf */; };
		C6AD515925C4452F001D391B /* Poppins-Medium.ttf in Resources */ = {isa = PBXBuildFile; fileRef = C6AD515125C4452E001D391B /* Poppins-Medium.ttf */; };
		C6AD515A25C4452F001D391B /* Poppins.json in Resources */ = {isa = PBXBuildFile; fileRef = C6AD515225C4452E001D391B /* Poppins.json */; };
		C6AD515B25C4452F001D391B /* Poppins-Regular.ttf in Resources */ = {isa = PBXBuildFile; fileRef = C6AD515325C4452E001D391B /* Poppins-Regular.ttf */; };
		C6AD515C25C4452F001D391B /* Poppins-Bold.ttf in Resources */ = {isa = PBXBuildFile; fileRef = C6AD515425C4452E001D391B /* Poppins-Bold.ttf */; };
		C6AD515D25C4452F001D391B /* Poppins-Thin.ttf in Resources */ = {isa = PBXBuildFile; fileRef = C6AD515525C4452E001D391B /* Poppins-Thin.ttf */; };
		C6AD515E25C4452F001D391B /* Poppins-SemiBold.ttf in Resources */ = {isa = PBXBuildFile; fileRef = C6AD515625C4452E001D391B /* Poppins-SemiBold.ttf */; };
/* End PBXBuildFile section */

/* Begin PBXFileReference section */
		C6AD513025C4362B001D391B /* ios-example.app */ = {isa = PBXFileReference; explicitFileType = wrapper.application; includeInIndex = 0; path = "ios-example.app"; sourceTree = BUILT_PRODUCTS_DIR; };
		C6AD513325C4362B001D391B /* AppDelegate.swift */ = {isa = PBXFileReference; lastKnownFileType = sourcecode.swift; path = AppDelegate.swift; sourceTree = "<group>"; };
		C6AD513525C4362B001D391B /* SceneDelegate.swift */ = {isa = PBXFileReference; lastKnownFileType = sourcecode.swift; path = SceneDelegate.swift; sourceTree = "<group>"; };
		C6AD513725C4362B001D391B /* ViewController.swift */ = {isa = PBXFileReference; lastKnownFileType = sourcecode.swift; path = ViewController.swift; sourceTree = "<group>"; };
		C6AD513A25C4362B001D391B /* Base */ = {isa = PBXFileReference; lastKnownFileType = file.storyboard; name = Base; path = Base.lproj/Main.storyboard; sourceTree = "<group>"; };
		C6AD513C25C4362D001D391B /* Assets.xcassets */ = {isa = PBXFileReference; lastKnownFileType = folder.assetcatalog; path = Assets.xcassets; sourceTree = "<group>"; };
		C6AD513F25C4362D001D391B /* Base */ = {isa = PBXFileReference; lastKnownFileType = file.storyboard; name = Base; path = Base.lproj/LaunchScreen.storyboard; sourceTree = "<group>"; };
		C6AD514125C4362D001D391B /* Info.plist */ = {isa = PBXFileReference; lastKnownFileType = text.plist.xml; path = Info.plist; sourceTree = "<group>"; };
		C6AD514C25C436FD001D391B /* ATAGroup */ = {isa = PBXFileReference; lastKnownFileType = folder; name = ATAGroup; path = ..; sourceTree = "<group>"; };
		C6AD514F25C4452E001D391B /* Poppins-ExtraLight.ttf */ = {isa = PBXFileReference; lastKnownFileType = file; path = "Poppins-ExtraLight.ttf"; sourceTree = "<group>"; };
		C6AD515025C4452E001D391B /* Poppins-Light.ttf */ = {isa = PBXFileReference; lastKnownFileType = file; path = "Poppins-Light.ttf"; sourceTree = "<group>"; };
		C6AD515125C4452E001D391B /* Poppins-Medium.ttf */ = {isa = PBXFileReference; lastKnownFileType = file; path = "Poppins-Medium.ttf"; sourceTree = "<group>"; };
		C6AD515225C4452E001D391B /* Poppins.json */ = {isa = PBXFileReference; fileEncoding = 4; lastKnownFileType = text.json; path = Poppins.json; sourceTree = "<group>"; };
		C6AD515325C4452E001D391B /* Poppins-Regular.ttf */ = {isa = PBXFileReference; lastKnownFileType = file; path = "Poppins-Regular.ttf"; sourceTree = "<group>"; };
		C6AD515425C4452E001D391B /* Poppins-Bold.ttf */ = {isa = PBXFileReference; lastKnownFileType = file; path = "Poppins-Bold.ttf"; sourceTree = "<group>"; };
		C6AD515525C4452E001D391B /* Poppins-Thin.ttf */ = {isa = PBXFileReference; lastKnownFileType = file; path = "Poppins-Thin.ttf"; sourceTree = "<group>"; };
		C6AD515625C4452E001D391B /* Poppins-SemiBold.ttf */ = {isa = PBXFileReference; lastKnownFileType = file; path = "Poppins-SemiBold.ttf"; sourceTree = "<group>"; };
/* End PBXFileReference section */

/* Begin PBXFrameworksBuildPhase section */
		C6AD512D25C4362B001D391B /* Frameworks */ = {
			isa = PBXFrameworksBuildPhase;
			buildActionMask = 2147483647;
			files = (
				C6AD514A25C436F6001D391B /* ATAGroup in Frameworks */,
			);
			runOnlyForDeploymentPostprocessing = 0;
		};
/* End PBXFrameworksBuildPhase section */

/* Begin PBXGroup section */
		C6AD512725C4362B001D391B = {
			isa = PBXGroup;
			children = (
				C6AD514C25C436FD001D391B /* ATAGroup */,
				C6AD513225C4362B001D391B /* ios-example */,
				C6AD513125C4362B001D391B /* Products */,
			);
			sourceTree = "<group>";
		};
		C6AD513125C4362B001D391B /* Products */ = {
			isa = PBXGroup;
			children = (
				C6AD513025C4362B001D391B /* ios-example.app */,
			);
			name = Products;
			sourceTree = "<group>";
		};
		C6AD513225C4362B001D391B /* ios-example */ = {
			isa = PBXGroup;
			children = (
				C6AD514E25C4452E001D391B /* Fonts */,
				C6AD513325C4362B001D391B /* AppDelegate.swift */,
				C6AD513525C4362B001D391B /* SceneDelegate.swift */,
				C6AD513725C4362B001D391B /* ViewController.swift */,
				C6AD513925C4362B001D391B /* Main.storyboard */,
				C6AD513C25C4362D001D391B /* Assets.xcassets */,
				C6AD513E25C4362D001D391B /* LaunchScreen.storyboard */,
				C6AD514125C4362D001D391B /* Info.plist */,
			);
			path = "ios-example";
			sourceTree = "<group>";
		};
		C6AD514E25C4452E001D391B /* Fonts */ = {
			isa = PBXGroup;
			children = (
				C6AD514F25C4452E001D391B /* Poppins-ExtraLight.ttf */,
				C6AD515025C4452E001D391B /* Poppins-Light.ttf */,
				C6AD515125C4452E001D391B /* Poppins-Medium.ttf */,
				C6AD515225C4452E001D391B /* Poppins.json */,
				C6AD515325C4452E001D391B /* Poppins-Regular.ttf */,
				C6AD515425C4452E001D391B /* Poppins-Bold.ttf */,
				C6AD515525C4452E001D391B /* Poppins-Thin.ttf */,
				C6AD515625C4452E001D391B /* Poppins-SemiBold.ttf */,
			);
			path = Fonts;
			sourceTree = "<group>";
		};
/* End PBXGroup section */

/* Begin PBXNativeTarget section */
		C6AD512F25C4362B001D391B /* ios-example */ = {
			isa = PBXNativeTarget;
			buildConfigurationList = C6AD514425C4362D001D391B /* Build configuration list for PBXNativeTarget "ios-example" */;
			buildPhases = (
				C6AD512C25C4362B001D391B /* Sources */,
				C6AD512D25C4362B001D391B /* Frameworks */,
				C6AD512E25C4362B001D391B /* Resources */,
			);
			buildRules = (
			);
			dependencies = (
			);
			name = "ios-example";
			packageProductDependencies = (
				C6AD514925C436F6001D391B /* ATAGroup */,
			);
			productName = "ios-example";
			productReference = C6AD513025C4362B001D391B /* ios-example.app */;
			productType = "com.apple.product-type.application";
		};
/* End PBXNativeTarget section */

/* Begin PBXProject section */
		C6AD512825C4362B001D391B /* Project object */ = {
			isa = PBXProject;
			attributes = {
				LastSwiftUpdateCheck = 1240;
				LastUpgradeCheck = 1240;
				TargetAttributes = {
					C6AD512F25C4362B001D391B = {
						CreatedOnToolsVersion = 12.4;
					};
				};
			};
			buildConfigurationList = C6AD512B25C4362B001D391B /* Build configuration list for PBXProject "ios-example" */;
			compatibilityVersion = "Xcode 9.3";
			developmentRegion = en;
			hasScannedForEncodings = 0;
			knownRegions = (
				en,
				Base,
			);
			mainGroup = C6AD512725C4362B001D391B;
			packageReferences = (
				C6AD514825C436F6001D391B /* XCRemoteSwiftPackageReference "ATAGroup" */,
			);
			productRefGroup = C6AD513125C4362B001D391B /* Products */;
			projectDirPath = "";
			projectRoot = "";
			targets = (
				C6AD512F25C4362B001D391B /* ios-example */,
			);
		};
/* End PBXProject section */

/* Begin PBXResourcesBuildPhase section */
		C6AD512E25C4362B001D391B /* Resources */ = {
			isa = PBXResourcesBuildPhase;
			buildActionMask = 2147483647;
			files = (
				C6AD515725C4452F001D391B /* Poppins-ExtraLight.ttf in Resources */,
				C6AD515C25C4452F001D391B /* Poppins-Bold.ttf in Resources */,
				C6AD515E25C4452F001D391B /* Poppins-SemiBold.ttf in Resources */,
				C6AD515825C4452F001D391B /* Poppins-Light.ttf in Resources */,
				C6AD514025C4362D001D391B /* LaunchScreen.storyboard in Resources */,
				C6AD515925C4452F001D391B /* Poppins-Medium.ttf in Resources */,
				C6AD513D25C4362D001D391B /* Assets.xcassets in Resources */,
				C6AD513B25C4362B001D391B /* Main.storyboard in Resources */,
				C6AD515A25C4452F001D391B /* Poppins.json in Resources */,
				C6AD515B25C4452F001D391B /* Poppins-Regular.ttf in Resources */,
				C6AD515D25C4452F001D391B /* Poppins-Thin.ttf in Resources */,
			);
			runOnlyForDeploymentPostprocessing = 0;
		};
/* End PBXResourcesBuildPhase section */

/* Begin PBXSourcesBuildPhase section */
		C6AD512C25C4362B001D391B /* Sources */ = {
			isa = PBXSourcesBuildPhase;
			buildActionMask = 2147483647;
			files = (
				C6AD513825C4362B001D391B /* ViewController.swift in Sources */,
				C6AD513425C4362B001D391B /* AppDelegate.swift in Sources */,
				C6AD513625C4362B001D391B /* SceneDelegate.swift in Sources */,
			);
			runOnlyForDeploymentPostprocessing = 0;
		};
/* End PBXSourcesBuildPhase section */

/* Begin PBXVariantGroup section */
		C6AD513925C4362B001D391B /* Main.storyboard */ = {
			isa = PBXVariantGroup;
			children = (
				C6AD513A25C4362B001D391B /* Base */,
			);
			name = Main.storyboard;
			sourceTree = "<group>";
		};
		C6AD513E25C4362D001D391B /* LaunchScreen.storyboard */ = {
			isa = PBXVariantGroup;
			children = (
				C6AD513F25C4362D001D391B /* Base */,
			);
			name = LaunchScreen.storyboard;
			sourceTree = "<group>";
		};
/* End PBXVariantGroup section */

/* Begin XCBuildConfiguration section */
		C6AD514225C4362D001D391B /* Debug */ = {
			isa = XCBuildConfiguration;
			buildSettings = {
				ALWAYS_SEARCH_USER_PATHS = NO;
				CLANG_ANALYZER_NONNULL = YES;
				CLANG_ANALYZER_NUMBER_OBJECT_CONVERSION = YES_AGGRESSIVE;
				CLANG_CXX_LANGUAGE_STANDARD = "gnu++14";
				CLANG_CXX_LIBRARY = "libc++";
				CLANG_ENABLE_MODULES = YES;
				CLANG_ENABLE_OBJC_ARC = YES;
				CLANG_ENABLE_OBJC_WEAK = YES;
				CLANG_WARN_BLOCK_CAPTURE_AUTORELEASING = YES;
				CLANG_WARN_BOOL_CONVERSION = YES;
				CLANG_WARN_COMMA = YES;
				CLANG_WARN_CONSTANT_CONVERSION = YES;
				CLANG_WARN_DEPRECATED_OBJC_IMPLEMENTATIONS = YES;
				CLANG_WARN_DIRECT_OBJC_ISA_USAGE = YES_ERROR;
				CLANG_WARN_DOCUMENTATION_COMMENTS = YES;
				CLANG_WARN_EMPTY_BODY = YES;
				CLANG_WARN_ENUM_CONVERSION = YES;
				CLANG_WARN_INFINITE_RECURSION = YES;
				CLANG_WARN_INT_CONVERSION = YES;
				CLANG_WARN_NON_LITERAL_NULL_CONVERSION = YES;
				CLANG_WARN_OBJC_IMPLICIT_RETAIN_SELF = YES;
				CLANG_WARN_OBJC_LITERAL_CONVERSION = YES;
				CLANG_WARN_OBJC_ROOT_CLASS = YES_ERROR;
				CLANG_WARN_QUOTED_INCLUDE_IN_FRAMEWORK_HEADER = YES;
				CLANG_WARN_RANGE_LOOP_ANALYSIS = YES;
				CLANG_WARN_STRICT_PROTOTYPES = YES;
				CLANG_WARN_SUSPICIOUS_MOVE = YES;
				CLANG_WARN_UNGUARDED_AVAILABILITY = YES_AGGRESSIVE;
				CLANG_WARN_UNREACHABLE_CODE = YES;
				CLANG_WARN__DUPLICATE_METHOD_MATCH = YES;
				COPY_PHASE_STRIP = NO;
				DEBUG_INFORMATION_FORMAT = dwarf;
				ENABLE_STRICT_OBJC_MSGSEND = YES;
				ENABLE_TESTABILITY = YES;
				GCC_C_LANGUAGE_STANDARD = gnu11;
				GCC_DYNAMIC_NO_PIC = NO;
				GCC_NO_COMMON_BLOCKS = YES;
				GCC_OPTIMIZATION_LEVEL = 0;
				GCC_PREPROCESSOR_DEFINITIONS = (
					"DEBUG=1",
					"$(inherited)",
				);
				GCC_WARN_64_TO_32_BIT_CONVERSION = YES;
				GCC_WARN_ABOUT_RETURN_TYPE = YES_ERROR;
				GCC_WARN_UNDECLARED_SELECTOR = YES;
				GCC_WARN_UNINITIALIZED_AUTOS = YES_AGGRESSIVE;
				GCC_WARN_UNUSED_FUNCTION = YES;
				GCC_WARN_UNUSED_VARIABLE = YES;
				IPHONEOS_DEPLOYMENT_TARGET = 14.4;
				MTL_ENABLE_DEBUG_INFO = INCLUDE_SOURCE;
				MTL_FAST_MATH = YES;
				ONLY_ACTIVE_ARCH = YES;
				SDKROOT = iphoneos;
				SWIFT_ACTIVE_COMPILATION_CONDITIONS = DEBUG;
				SWIFT_OPTIMIZATION_LEVEL = "-Onone";
			};
			name = Debug;
		};
		C6AD514325C4362D001D391B /* Release */ = {
			isa = XCBuildConfiguration;
			buildSettings = {
				ALWAYS_SEARCH_USER_PATHS = NO;
				CLANG_ANALYZER_NONNULL = YES;
				CLANG_ANALYZER_NUMBER_OBJECT_CONVERSION = YES_AGGRESSIVE;
				CLANG_CXX_LANGUAGE_STANDARD = "gnu++14";
				CLANG_CXX_LIBRARY = "libc++";
				CLANG_ENABLE_MODULES = YES;
				CLANG_ENABLE_OBJC_ARC = YES;
				CLANG_ENABLE_OBJC_WEAK = YES;
				CLANG_WARN_BLOCK_CAPTURE_AUTORELEASING = YES;
				CLANG_WARN_BOOL_CONVERSION = YES;
				CLANG_WARN_COMMA = YES;
				CLANG_WARN_CONSTANT_CONVERSION = YES;
				CLANG_WARN_DEPRECATED_OBJC_IMPLEMENTATIONS = YES;
				CLANG_WARN_DIRECT_OBJC_ISA_USAGE = YES_ERROR;
				CLANG_WARN_DOCUMENTATION_COMMENTS = YES;
				CLANG_WARN_EMPTY_BODY = YES;
				CLANG_WARN_ENUM_CONVERSION = YES;
				CLANG_WARN_INFINITE_RECURSION = YES;
				CLANG_WARN_INT_CONVERSION = YES;
				CLANG_WARN_NON_LITERAL_NULL_CONVERSION = YES;
				CLANG_WARN_OBJC_IMPLICIT_RETAIN_SELF = YES;
				CLANG_WARN_OBJC_LITERAL_CONVERSION = YES;
				CLANG_WARN_OBJC_ROOT_CLASS = YES_ERROR;
				CLANG_WARN_QUOTED_INCLUDE_IN_FRAMEWORK_HEADER = YES;
				CLANG_WARN_RANGE_LOOP_ANALYSIS = YES;
				CLANG_WARN_STRICT_PROTOTYPES = YES;
				CLANG_WARN_SUSPICIOUS_MOVE = YES;
				CLANG_WARN_UNGUARDED_AVAILABILITY = YES_AGGRESSIVE;
				CLANG_WARN_UNREACHABLE_CODE = YES;
				CLANG_WARN__DUPLICATE_METHOD_MATCH = YES;
				COPY_PHASE_STRIP = NO;
				DEBUG_INFORMATION_FORMAT = "dwarf-with-dsym";
				ENABLE_NS_ASSERTIONS = NO;
				ENABLE_STRICT_OBJC_MSGSEND = YES;
				GCC_C_LANGUAGE_STANDARD = gnu11;
				GCC_NO_COMMON_BLOCKS = YES;
				GCC_WARN_64_TO_32_BIT_CONVERSION = YES;
				GCC_WARN_ABOUT_RETURN_TYPE = YES_ERROR;
				GCC_WARN_UNDECLARED_SELECTOR = YES;
				GCC_WARN_UNINITIALIZED_AUTOS = YES_AGGRESSIVE;
				GCC_WARN_UNUSED_FUNCTION = YES;
				GCC_WARN_UNUSED_VARIABLE = YES;
				IPHONEOS_DEPLOYMENT_TARGET = 14.4;
				MTL_ENABLE_DEBUG_INFO = NO;
				MTL_FAST_MATH = YES;
				SDKROOT = iphoneos;
				SWIFT_COMPILATION_MODE = wholemodule;
				SWIFT_OPTIMIZATION_LEVEL = "-O";
				VALIDATE_PRODUCT = YES;
			};
			name = Release;
		};
		C6AD514525C4362D001D391B /* Debug */ = {
			isa = XCBuildConfiguration;
			buildSettings = {
				ASSETCATALOG_COMPILER_APPICON_NAME = AppIcon;
				ASSETCATALOG_COMPILER_GLOBAL_ACCENT_COLOR_NAME = AccentColor;
				CODE_SIGN_STYLE = Automatic;
				DEVELOPMENT_TEAM = R8CKJFJ8PK;
				INFOPLIST_FILE = "ios-example/Info.plist";
				IPHONEOS_DEPLOYMENT_TARGET = 14.1;
				LD_RUNPATH_SEARCH_PATHS = (
					"$(inherited)",
					"@executable_path/Frameworks",
				);
				PRODUCT_BUNDLE_IDENTIFIER = "com.kaiman.ios-example";
				PRODUCT_NAME = "$(TARGET_NAME)";
				SWIFT_VERSION = 5.0;
				TARGETED_DEVICE_FAMILY = "1,2";
			};
			name = Debug;
		};
		C6AD514625C4362D001D391B /* Release */ = {
			isa = XCBuildConfiguration;
			buildSettings = {
				ASSETCATALOG_COMPILER_APPICON_NAME = AppIcon;
				ASSETCATALOG_COMPILER_GLOBAL_ACCENT_COLOR_NAME = AccentColor;
				CODE_SIGN_STYLE = Automatic;
				DEVELOPMENT_TEAM = R8CKJFJ8PK;
				INFOPLIST_FILE = "ios-example/Info.plist";
				IPHONEOS_DEPLOYMENT_TARGET = 14.1;
				LD_RUNPATH_SEARCH_PATHS = (
					"$(inherited)",
					"@executable_path/Frameworks",
				);
				PRODUCT_BUNDLE_IDENTIFIER = "com.kaiman.ios-example";
				PRODUCT_NAME = "$(TARGET_NAME)";
				SWIFT_VERSION = 5.0;
				TARGETED_DEVICE_FAMILY = "1,2";
			};
			name = Release;
		};
/* End XCBuildConfiguration section */

/* Begin XCConfigurationList section */
		C6AD512B25C4362B001D391B /* Build configuration list for PBXProject "ios-example" */ = {
			isa = XCConfigurationList;
			buildConfigurations = (
				C6AD514225C4362D001D391B /* Debug */,
				C6AD514325C4362D001D391B /* Release */,
			);
			defaultConfigurationIsVisible = 0;
			defaultConfigurationName = Release;
		};
		C6AD514425C4362D001D391B /* Build configuration list for PBXNativeTarget "ios-example" */ = {
			isa = XCConfigurationList;
			buildConfigurations = (
				C6AD514525C4362D001D391B /* Debug */,
				C6AD514625C4362D001D391B /* Release */,
			);
			defaultConfigurationIsVisible = 0;
			defaultConfigurationName = Release;
		};
/* End XCConfigurationList section */

/* Begin XCRemoteSwiftPackageReference section */
		C6AD514825C436F6001D391B /* XCRemoteSwiftPackageReference "ATAGroup" */ = {
			isa = XCRemoteSwiftPackageReference;
			repositoryURL = "https://github.com/jerometonnelier/ATAGroup";
			requirement = {
				branch = master;
				kind = branch;
			};
		};
/* End XCRemoteSwiftPackageReference section */

/* Begin XCSwiftPackageProductDependency section */
		C6AD514925C436F6001D391B /* ATAGroup */ = {
			isa = XCSwiftPackageProductDependency;
			package = C6AD514825C436F6001D391B /* XCRemoteSwiftPackageReference "ATAGroup" */;
			productName = ATAGroup;
		};
/* End XCSwiftPackageProductDependency section */
	};
	rootObject = C6AD512825C4362B001D391B /* Project object */;
}
